// !$*UTF8*$!
{
	archiveVersion = 1;
	classes = {
	};
	objectVersion = 46;
	objects = {

/* Begin PBXBuildFile section */
		C5D7BDA21C80B75B0061D9DD /* SettingsKit.swift in Sources */ = {isa = PBXBuildFile; fileRef = C5D7BD9F1C80B75B0061D9DD /* SettingsKit.swift */; };
		C5D7BDA41C80B75B0061D9DD /* SettingsKit.h in Headers */ = {isa = PBXBuildFile; fileRef = C5D7BDA11C80B75B0061D9DD /* SettingsKit.h */; settings = {ATTRIBUTES = (Public, ); }; };
		C5D7BDC11C80BA040061D9DD /* SettingsKit.framework in Frameworks */ = {isa = PBXBuildFile; fileRef = C5D7BD931C80B5FD0061D9DD /* SettingsKit.framework */; };
		C5FD15241D85A8CA00C8DA93 /* SettingsKitTests.swift in Sources */ = {isa = PBXBuildFile; fileRef = C5FD15231D85A8CA00C8DA93 /* SettingsKitTests.swift */; };
/* End PBXBuildFile section */

/* Begin PBXContainerItemProxy section */
		C5D7BDC21C80BA040061D9DD /* PBXContainerItemProxy */ = {
			isa = PBXContainerItemProxy;
			containerPortal = C5D7BD8A1C80B5FD0061D9DD /* Project object */;
			proxyType = 1;
			remoteGlobalIDString = C5D7BD921C80B5FD0061D9DD;
			remoteInfo = SettingsKit;
		};
/* End PBXContainerItemProxy section */

/* Begin PBXFileReference section */
		C5D7BD931C80B5FD0061D9DD /* SettingsKit.framework */ = {isa = PBXFileReference; explicitFileType = wrapper.framework; includeInIndex = 0; path = SettingsKit.framework; sourceTree = BUILT_PRODUCTS_DIR; };
		C5D7BD9F1C80B75B0061D9DD /* SettingsKit.swift */ = {isa = PBXFileReference; fileEncoding = 4; lastKnownFileType = sourcecode.swift; name = SettingsKit.swift; path = Sources/SettingsKit.swift; sourceTree = SOURCE_ROOT; };
		C5D7BDA01C80B75B0061D9DD /* Info.plist */ = {isa = PBXFileReference; fileEncoding = 4; lastKnownFileType = text.plist.xml; name = Info.plist; path = Sources/Info.plist; sourceTree = SOURCE_ROOT; };
		C5D7BDA11C80B75B0061D9DD /* SettingsKit.h */ = {isa = PBXFileReference; fileEncoding = 4; lastKnownFileType = sourcecode.c.h; name = SettingsKit.h; path = Sources/SettingsKit.h; sourceTree = SOURCE_ROOT; };
		C5D7BDBC1C80BA040061D9DD /* SettingsKitTests.xctest */ = {isa = PBXFileReference; explicitFileType = wrapper.cfbundle; includeInIndex = 0; path = SettingsKitTests.xctest; sourceTree = BUILT_PRODUCTS_DIR; };
		C5D7BDC91C80BA730061D9DD /* Info.plist */ = {isa = PBXFileReference; fileEncoding = 4; lastKnownFileType = text.plist.xml; name = Info.plist; path = Tests/Info.plist; sourceTree = SOURCE_ROOT; };
		C5FD15231D85A8CA00C8DA93 /* SettingsKitTests.swift */ = {isa = PBXFileReference; fileEncoding = 4; lastKnownFileType = sourcecode.swift; path = SettingsKitTests.swift; sourceTree = "<group>"; };
/* End PBXFileReference section */

/* Begin PBXFrameworksBuildPhase section */
		C5D7BD8F1C80B5FD0061D9DD /* Frameworks */ = {
			isa = PBXFrameworksBuildPhase;
			buildActionMask = 2147483647;
			files = (
			);
			runOnlyForDeploymentPostprocessing = 0;
		};
		C5D7BDB91C80BA040061D9DD /* Frameworks */ = {
			isa = PBXFrameworksBuildPhase;
			buildActionMask = 2147483647;
			files = (
				C5D7BDC11C80BA040061D9DD /* SettingsKit.framework in Frameworks */,
			);
			runOnlyForDeploymentPostprocessing = 0;
		};
/* End PBXFrameworksBuildPhase section */

/* Begin PBXGroup section */
		C5D7BD891C80B5FD0061D9DD = {
			isa = PBXGroup;
			children = (
				C5D7BD951C80B5FD0061D9DD /* Sources */,
				C5D7BDBD1C80BA040061D9DD /* Tests */,
				C5D7BD941C80B5FD0061D9DD /* Products */,
				E61057E3D81611AF7AC06614 /* Frameworks */,
			);
			sourceTree = "<group>";
		};
		C5D7BD941C80B5FD0061D9DD /* Products */ = {
			isa = PBXGroup;
			children = (
				C5D7BD931C80B5FD0061D9DD /* SettingsKit.framework */,
				C5D7BDBC1C80BA040061D9DD /* SettingsKitTests.xctest */,
			);
			name = Products;
			sourceTree = "<group>";
		};
		C5D7BD951C80B5FD0061D9DD /* Sources */ = {
			isa = PBXGroup;
			children = (
				C5D7BD9F1C80B75B0061D9DD /* SettingsKit.swift */,
				C5D7BDA51C80B7620061D9DD /* Supporting Files */,
			);
			name = Sources;
			path = SettingsKit;
			sourceTree = "<group>";
		};
		C5D7BDA51C80B7620061D9DD /* Supporting Files */ = {
			isa = PBXGroup;
			children = (
				C5D7BDA01C80B75B0061D9DD /* Info.plist */,
				C5D7BDA11C80B75B0061D9DD /* SettingsKit.h */,
			);
			name = "Supporting Files";
			sourceTree = "<group>";
		};
		C5D7BDBD1C80BA040061D9DD /* Tests */ = {
			isa = PBXGroup;
			children = (
				C5D7BDC91C80BA730061D9DD /* Info.plist */,
				C5FD15231D85A8CA00C8DA93 /* SettingsKitTests.swift */,
			);
			name = Tests;
			path = SettingsKitTests;
			sourceTree = "<group>";
		};
		E61057E3D81611AF7AC06614 /* Frameworks */ = {
			isa = PBXGroup;
			children = (
			);
			name = Frameworks;
			sourceTree = "<group>";
		};
/* End PBXGroup section */

/* Begin PBXHeadersBuildPhase section */
		C5D7BD901C80B5FD0061D9DD /* Headers */ = {
			isa = PBXHeadersBuildPhase;
			buildActionMask = 2147483647;
			files = (
				C5D7BDA41C80B75B0061D9DD /* SettingsKit.h in Headers */,
			);
			runOnlyForDeploymentPostprocessing = 0;
		};
/* End PBXHeadersBuildPhase section */

/* Begin PBXNativeTarget section */
		C5D7BD921C80B5FD0061D9DD /* SettingsKit */ = {
			isa = PBXNativeTarget;
			buildConfigurationList = C5D7BD9B1C80B5FD0061D9DD /* Build configuration list for PBXNativeTarget "SettingsKit" */;
			buildPhases = (
				C5AA99081C888BB1009577E7 /* Swiftlint */,
				C5D7BD8E1C80B5FD0061D9DD /* Sources */,
				C5D7BD8F1C80B5FD0061D9DD /* Frameworks */,
				C5D7BD901C80B5FD0061D9DD /* Headers */,
				C5D7BD911C80B5FD0061D9DD /* Resources */,
			);
			buildRules = (
			);
			dependencies = (
			);
			name = SettingsKit;
			productName = SettingsKit;
			productReference = C5D7BD931C80B5FD0061D9DD /* SettingsKit.framework */;
			productType = "com.apple.product-type.framework";
		};
		C5D7BDBB1C80BA040061D9DD /* SettingsKitTests */ = {
			isa = PBXNativeTarget;
			buildConfigurationList = C5D7BDC61C80BA040061D9DD /* Build configuration list for PBXNativeTarget "SettingsKitTests" */;
			buildPhases = (
				C5D7BDB81C80BA040061D9DD /* Sources */,
				C5D7BDB91C80BA040061D9DD /* Frameworks */,
				C5D7BDBA1C80BA040061D9DD /* Resources */,
			);
			buildRules = (
			);
			dependencies = (
				C5D7BDC31C80BA040061D9DD /* PBXTargetDependency */,
			);
			name = SettingsKitTests;
			productName = SettingsKitTests;
			productReference = C5D7BDBC1C80BA040061D9DD /* SettingsKitTests.xctest */;
			productType = "com.apple.product-type.bundle.unit-test";
		};
/* End PBXNativeTarget section */

/* Begin PBXProject section */
		C5D7BD8A1C80B5FD0061D9DD /* Project object */ = {
			isa = PBXProject;
			attributes = {
				LastSwiftUpdateCheck = 0720;
				LastUpgradeCheck = 0800;
				ORGANIZATIONNAME = "Dan Trenz";
				TargetAttributes = {
					C5D7BD921C80B5FD0061D9DD = {
						CreatedOnToolsVersion = 7.2;
						LastSwiftMigration = 0800;
					};
					C5D7BDBB1C80BA040061D9DD = {
						CreatedOnToolsVersion = 7.2;
						LastSwiftMigration = 0800;
					};
				};
			};
			buildConfigurationList = C5D7BD8D1C80B5FD0061D9DD /* Build configuration list for PBXProject "SettingsKit" */;
			compatibilityVersion = "Xcode 3.2";
			developmentRegion = English;
			hasScannedForEncodings = 0;
			knownRegions = (
				en,
			);
			mainGroup = C5D7BD891C80B5FD0061D9DD;
			productRefGroup = C5D7BD941C80B5FD0061D9DD /* Products */;
			projectDirPath = "";
			projectRoot = "";
			targets = (
				C5D7BD921C80B5FD0061D9DD /* SettingsKit */,
				C5D7BDBB1C80BA040061D9DD /* SettingsKitTests */,
			);
		};
/* End PBXProject section */

/* Begin PBXResourcesBuildPhase section */
		C5D7BD911C80B5FD0061D9DD /* Resources */ = {
			isa = PBXResourcesBuildPhase;
			buildActionMask = 2147483647;
			files = (
			);
			runOnlyForDeploymentPostprocessing = 0;
		};
		C5D7BDBA1C80BA040061D9DD /* Resources */ = {
			isa = PBXResourcesBuildPhase;
			buildActionMask = 2147483647;
			files = (
			);
			runOnlyForDeploymentPostprocessing = 0;
		};
/* End PBXResourcesBuildPhase section */

/* Begin PBXShellScriptBuildPhase section */
		C5AA99081C888BB1009577E7 /* Swiftlint */ = {
			isa = PBXShellScriptBuildPhase;
			buildActionMask = 2147483647;
			files = (
			);
			inputPaths = (
			);
			name = Swiftlint;
			outputPaths = (
			);
			runOnlyForDeploymentPostprocessing = 0;
			shellPath = /bin/sh;
			shellScript = "if which swiftlint >/dev/null; then\n  swiftlint\nelse\n  echo \"warning: SwiftLint not installed, download from https://github.com/realm/SwiftLint\"\nfi";
		};
/* End PBXShellScriptBuildPhase section */

/* Begin PBXSourcesBuildPhase section */
		C5D7BD8E1C80B5FD0061D9DD /* Sources */ = {
			isa = PBXSourcesBuildPhase;
			buildActionMask = 2147483647;
			files = (
				C5D7BDA21C80B75B0061D9DD /* SettingsKit.swift in Sources */,
			);
			runOnlyForDeploymentPostprocessing = 0;
		};
		C5D7BDB81C80BA040061D9DD /* Sources */ = {
			isa = PBXSourcesBuildPhase;
			buildActionMask = 2147483647;
			files = (
				C5FD15241D85A8CA00C8DA93 /* SettingsKitTests.swift in Sources */,
			);
			runOnlyForDeploymentPostprocessing = 0;
		};
/* End PBXSourcesBuildPhase section */

/* Begin PBXTargetDependency section */
		C5D7BDC31C80BA040061D9DD /* PBXTargetDependency */ = {
			isa = PBXTargetDependency;
			target = C5D7BD921C80B5FD0061D9DD /* SettingsKit */;
			targetProxy = C5D7BDC21C80BA040061D9DD /* PBXContainerItemProxy */;
		};
/* End PBXTargetDependency section */

/* Begin XCBuildConfiguration section */
		C5D7BD991C80B5FD0061D9DD /* Debug */ = {
			isa = XCBuildConfiguration;
			buildSettings = {
				ALWAYS_SEARCH_USER_PATHS = NO;
				CLANG_CXX_LANGUAGE_STANDARD = "gnu++0x";
				CLANG_CXX_LIBRARY = "libc++";
				CLANG_ENABLE_MODULES = YES;
				CLANG_ENABLE_OBJC_ARC = YES;
				CLANG_WARN_BOOL_CONVERSION = YES;
				CLANG_WARN_CONSTANT_CONVERSION = YES;
				CLANG_WARN_DIRECT_OBJC_ISA_USAGE = YES_ERROR;
				CLANG_WARN_EMPTY_BODY = YES;
				CLANG_WARN_ENUM_CONVERSION = YES;
				CLANG_WARN_INFINITE_RECURSION = YES;
				CLANG_WARN_INT_CONVERSION = YES;
				CLANG_WARN_OBJC_ROOT_CLASS = YES_ERROR;
				CLANG_WARN_SUSPICIOUS_MOVE = YES;
				CLANG_WARN_UNREACHABLE_CODE = YES;
				CLANG_WARN__DUPLICATE_METHOD_MATCH = YES;
				"CODE_SIGN_IDENTITY[sdk=iphoneos*]" = "iPhone Developer";
				COPY_PHASE_STRIP = NO;
				CURRENT_PROJECT_VERSION = 1;
				DEBUG_INFORMATION_FORMAT = dwarf;
				ENABLE_STRICT_OBJC_MSGSEND = YES;
				ENABLE_TESTABILITY = YES;
				GCC_C_LANGUAGE_STANDARD = gnu99;
				GCC_DYNAMIC_NO_PIC = NO;
				GCC_NO_COMMON_BLOCKS = YES;
				GCC_OPTIMIZATION_LEVEL = 0;
				GCC_PREPROCESSOR_DEFINITIONS = (
					"DEBUG=1",
					"$(inherited)",
				);
				GCC_WARN_64_TO_32_BIT_CONVERSION = YES;
				GCC_WARN_ABOUT_RETURN_TYPE = YES_ERROR;
				GCC_WARN_UNDECLARED_SELECTOR = YES;
				GCC_WARN_UNINITIALIZED_AUTOS = YES_AGGRESSIVE;
				GCC_WARN_UNUSED_FUNCTION = YES;
				GCC_WARN_UNUSED_VARIABLE = YES;
				IPHONEOS_DEPLOYMENT_TARGET = 9.2;
				MTL_ENABLE_DEBUG_INFO = YES;
				ONLY_ACTIVE_ARCH = YES;
				SDKROOT = iphoneos;
				SWIFT_OPTIMIZATION_LEVEL = "-Onone";
				TARGETED_DEVICE_FAMILY = "1,2";
				VERSIONING_SYSTEM = "apple-generic";
				VERSION_INFO_PREFIX = "";
			};
			name = Debug;
		};
		C5D7BD9A1C80B5FD0061D9DD /* Release */ = {
			isa = XCBuildConfiguration;
			buildSettings = {
				ALWAYS_SEARCH_USER_PATHS = NO;
				CLANG_CXX_LANGUAGE_STANDARD = "gnu++0x";
				CLANG_CXX_LIBRARY = "libc++";
				CLANG_ENABLE_MODULES = YES;
				CLANG_ENABLE_OBJC_ARC = YES;
				CLANG_WARN_BOOL_CONVERSION = YES;
				CLANG_WARN_CONSTANT_CONVERSION = YES;
				CLANG_WARN_DIRECT_OBJC_ISA_USAGE = YES_ERROR;
				CLANG_WARN_EMPTY_BODY = YES;
				CLANG_WARN_ENUM_CONVERSION = YES;
				CLANG_WARN_INFINITE_RECURSION = YES;
				CLANG_WARN_INT_CONVERSION = YES;
				CLANG_WARN_OBJC_ROOT_CLASS = YES_ERROR;
				CLANG_WARN_SUSPICIOUS_MOVE = YES;
				CLANG_WARN_UNREACHABLE_CODE = YES;
				CLANG_WARN__DUPLICATE_METHOD_MATCH = YES;
				"CODE_SIGN_IDENTITY[sdk=iphoneos*]" = "iPhone Developer";
				COPY_PHASE_STRIP = NO;
				CURRENT_PROJECT_VERSION = 1;
				DEBUG_INFORMATION_FORMAT = "dwarf-with-dsym";
				ENABLE_NS_ASSERTIONS = NO;
				ENABLE_STRICT_OBJC_MSGSEND = YES;
				GCC_C_LANGUAGE_STANDARD = gnu99;
				GCC_NO_COMMON_BLOCKS = YES;
				GCC_WARN_64_TO_32_BIT_CONVERSION = YES;
				GCC_WARN_ABOUT_RETURN_TYPE = YES_ERROR;
				GCC_WARN_UNDECLARED_SELECTOR = YES;
				GCC_WARN_UNINITIALIZED_AUTOS = YES_AGGRESSIVE;
				GCC_WARN_UNUSED_FUNCTION = YES;
				GCC_WARN_UNUSED_VARIABLE = YES;
				IPHONEOS_DEPLOYMENT_TARGET = 9.2;
				MTL_ENABLE_DEBUG_INFO = NO;
				SDKROOT = iphoneos;
				SWIFT_OPTIMIZATION_LEVEL = "-Owholemodule";
				TARGETED_DEVICE_FAMILY = "1,2";
				VALIDATE_PRODUCT = YES;
				VERSIONING_SYSTEM = "apple-generic";
				VERSION_INFO_PREFIX = "";
			};
			name = Release;
		};
		C5D7BD9C1C80B5FD0061D9DD /* Debug */ = {
			isa = XCBuildConfiguration;
			buildSettings = {
				CLANG_ENABLE_MODULES = YES;
				"CODE_SIGN_IDENTITY[sdk=iphoneos*]" = "";
				DEFINES_MODULE = YES;
				DYLIB_COMPATIBILITY_VERSION = 1;
				DYLIB_CURRENT_VERSION = 1;
				DYLIB_INSTALL_NAME_BASE = "@rpath";
				INFOPLIST_FILE = Sources/Info.plist;
				INSTALL_PATH = "$(LOCAL_LIBRARY_DIR)/Frameworks";
				LD_RUNPATH_SEARCH_PATHS = "$(inherited) @executable_path/Frameworks @loader_path/Frameworks";
				PRODUCT_BUNDLE_IDENTIFIER = com.dtrenz.SettingsKit;
				PRODUCT_NAME = "$(TARGET_NAME)";
				SKIP_INSTALL = YES;
				SWIFT_OPTIMIZATION_LEVEL = "-Onone";
				SWIFT_VERSION = 3.0;
			};
			name = Debug;
		};
		C5D7BD9D1C80B5FD0061D9DD /* Release */ = {
			isa = XCBuildConfiguration;
			buildSettings = {
				CLANG_ENABLE_MODULES = YES;
				"CODE_SIGN_IDENTITY[sdk=iphoneos*]" = "";
				DEFINES_MODULE = YES;
				DYLIB_COMPATIBILITY_VERSION = 1;
				DYLIB_CURRENT_VERSION = 1;
				DYLIB_INSTALL_NAME_BASE = "@rpath";
				INFOPLIST_FILE = Sources/Info.plist;
				INSTALL_PATH = "$(LOCAL_LIBRARY_DIR)/Frameworks";
				LD_RUNPATH_SEARCH_PATHS = "$(inherited) @executable_path/Frameworks @loader_path/Frameworks";
				PRODUCT_BUNDLE_IDENTIFIER = com.dtrenz.SettingsKit;
				PRODUCT_NAME = "$(TARGET_NAME)";
				SKIP_INSTALL = YES;
				SWIFT_VERSION = 3.0;
			};
			name = Release;
		};
		C5D7BDC41C80BA040061D9DD /* Debug */ = {
			isa = XCBuildConfiguration;
			buildSettings = {
				INFOPLIST_FILE = Tests/Info.plist;
				LD_RUNPATH_SEARCH_PATHS = "$(inherited) @executable_path/Frameworks @loader_path/Frameworks";
				PRODUCT_BUNDLE_IDENTIFIER = com.dtrenz.SettingsKitTests;
				PRODUCT_NAME = "$(TARGET_NAME)";
				SWIFT_VERSION = 3.0;
			};
			name = Debug;
		};
		C5D7BDC51C80BA040061D9DD /* Release */ = {
			isa = XCBuildConfiguration;
			buildSettings = {
				INFOPLIST_FILE = Tests/Info.plist;
				LD_RUNPATH_SEARCH_PATHS = "$(inherited) @executable_path/Frameworks @loader_path/Frameworks";
				PRODUCT_BUNDLE_IDENTIFIER = com.dtrenz.SettingsKitTests;
				PRODUCT_NAME = "$(TARGET_NAME)";
				SWIFT_VERSION = 3.0;
			};
			name = Release;
		};
/* End XCBuildConfiguration section */

/* Begin XCConfigurationList section */
		C5D7BD8D1C80B5FD0061D9DD /* Build configuration list for PBXProject "SettingsKit" */ = {
			isa = XCConfigurationList;
			buildConfigurations = (
				C5D7BD991C80B5FD0061D9DD /* Debug */,
				C5D7BD9A1C80B5FD0061D9DD /* Release */,
			);
			defaultConfigurationIsVisible = 0;
			defaultConfigurationName = Release;
		};
		C5D7BD9B1C80B5FD0061D9DD /* Build configuration list for PBXNativeTarget "SettingsKit" */ = {
			isa = XCConfigurationList;
			buildConfigurations = (
				C5D7BD9C1C80B5FD0061D9DD /* Debug */,
				C5D7BD9D1C80B5FD0061D9DD /* Release */,
			);
			defaultConfigurationIsVisible = 0;
			defaultConfigurationName = Release;
		};
		C5D7BDC61C80BA040061D9DD /* Build configuration list for PBXNativeTarget "SettingsKitTests" */ = {
			isa = XCConfigurationList;
			buildConfigurations = (
				C5D7BDC41C80BA040061D9DD /* Debug */,
				C5D7BDC51C80BA040061D9DD /* Release */,
			);
			defaultConfigurationIsVisible = 0;
			defaultConfigurationName = Release;
		};
/* End XCConfigurationList section */
	};
	rootObject = C5D7BD8A1C80B5FD0061D9DD /* Project object */;
}
